// !$*UTF8*$!
{
	archiveVersion = 1;
	classes = {
	};
	objectVersion = 46;
	objects = {

/* Begin PBXBuildFile section */
		A183F9C2319C4215922C062F /* libPods-Prolific.a in Frameworks */ = {isa = PBXBuildFile; fileRef = 30867937A76D9546321131DD /* libPods-Prolific.a */; };
		BD3871A41D14E9C700A7DCD6 /* Book.m in Sources */ = {isa = PBXBuildFile; fileRef = BD3871A31D14E9C700A7DCD6 /* Book.m */; };
		BD54945E1D14BC8A00F45D60 /* main.m in Sources */ = {isa = PBXBuildFile; fileRef = BD54945D1D14BC8A00F45D60 /* main.m */; };
		BD5494611D14BC8A00F45D60 /* AppDelegate.m in Sources */ = {isa = PBXBuildFile; fileRef = BD5494601D14BC8A00F45D60 /* AppDelegate.m */; };
		BD5494641D14BC8A00F45D60 /* ViewController.m in Sources */ = {isa = PBXBuildFile; fileRef = BD5494631D14BC8A00F45D60 /* ViewController.m */; };
		BD5494671D14BC8A00F45D60 /* Main.storyboard in Resources */ = {isa = PBXBuildFile; fileRef = BD5494651D14BC8A00F45D60 /* Main.storyboard */; };
		BD5494691D14BC8A00F45D60 /* Assets.xcassets in Resources */ = {isa = PBXBuildFile; fileRef = BD5494681D14BC8A00F45D60 /* Assets.xcassets */; };
		BD54946C1D14BC8A00F45D60 /* LaunchScreen.storyboard in Resources */ = {isa = PBXBuildFile; fileRef = BD54946A1D14BC8A00F45D60 /* LaunchScreen.storyboard */; };
		BD7C00B91D153B56006201B7 /* CustomCell.m in Sources */ = {isa = PBXBuildFile; fileRef = BD7C00B81D153B56006201B7 /* CustomCell.m */; };
		BDDE1D2C1D14E49E00523F0D /* ServiceManager.m in Sources */ = {isa = PBXBuildFile; fileRef = BDDE1D2B1D14E49E00523F0D /* ServiceManager.m */; };
/* End PBXBuildFile section */

/* Begin PBXFileReference section */
		15630A68C9D21C045B97B0E4 /* Pods-Prolific.release.xcconfig */ = {isa = PBXFileReference; includeInIndex = 1; lastKnownFileType = text.xcconfig; name = "Pods-Prolific.release.xcconfig"; path = "Pods/Target Support Files/Pods-Prolific/Pods-Prolific.release.xcconfig"; sourceTree = "<group>"; };
		30867937A76D9546321131DD /* libPods-Prolific.a */ = {isa = PBXFileReference; explicitFileType = archive.ar; includeInIndex = 0; path = "libPods-Prolific.a"; sourceTree = BUILT_PRODUCTS_DIR; };
		BD3871A21D14E9C700A7DCD6 /* Book.h */ = {isa = PBXFileReference; fileEncoding = 4; lastKnownFileType = sourcecode.c.h; path = Book.h; sourceTree = "<group>"; };
		BD3871A31D14E9C700A7DCD6 /* Book.m */ = {isa = PBXFileReference; fileEncoding = 4; lastKnownFileType = sourcecode.c.objc; path = Book.m; sourceTree = "<group>"; };
		BD5494591D14BC8A00F45D60 /* Prolific.app */ = {isa = PBXFileReference; explicitFileType = wrapper.application; includeInIndex = 0; path = Prolific.app; sourceTree = BUILT_PRODUCTS_DIR; };
		BD54945D1D14BC8A00F45D60 /* main.m */ = {isa = PBXFileReference; lastKnownFileType = sourcecode.c.objc; path = main.m; sourceTree = "<group>"; };
		BD54945F1D14BC8A00F45D60 /* AppDelegate.h */ = {isa = PBXFileReference; lastKnownFileType = sourcecode.c.h; path = AppDelegate.h; sourceTree = "<group>"; };
		BD5494601D14BC8A00F45D60 /* AppDelegate.m */ = {isa = PBXFileReference; lastKnownFileType = sourcecode.c.objc; path = AppDelegate.m; sourceTree = "<group>"; };
		BD5494621D14BC8A00F45D60 /* ViewController.h */ = {isa = PBXFileReference; lastKnownFileType = sourcecode.c.h; path = ViewController.h; sourceTree = "<group>"; };
		BD5494631D14BC8A00F45D60 /* ViewController.m */ = {isa = PBXFileReference; lastKnownFileType = sourcecode.c.objc; path = ViewController.m; sourceTree = "<group>"; };
		BD5494661D14BC8A00F45D60 /* Base */ = {isa = PBXFileReference; lastKnownFileType = file.storyboard; name = Base; path = Base.lproj/Main.storyboard; sourceTree = "<group>"; };
		BD5494681D14BC8A00F45D60 /* Assets.xcassets */ = {isa = PBXFileReference; lastKnownFileType = folder.assetcatalog; path = Assets.xcassets; sourceTree = "<group>"; };
		BD54946B1D14BC8A00F45D60 /* Base */ = {isa = PBXFileReference; lastKnownFileType = file.storyboard; name = Base; path = Base.lproj/LaunchScreen.storyboard; sourceTree = "<group>"; };
		BD54946D1D14BC8A00F45D60 /* Info.plist */ = {isa = PBXFileReference; lastKnownFileType = text.plist.xml; path = Info.plist; sourceTree = "<group>"; };
		BD7C00B71D153B56006201B7 /* CustomCell.h */ = {isa = PBXFileReference; fileEncoding = 4; lastKnownFileType = sourcecode.c.h; path = CustomCell.h; sourceTree = "<group>"; };
		BD7C00B81D153B56006201B7 /* CustomCell.m */ = {isa = PBXFileReference; fileEncoding = 4; lastKnownFileType = sourcecode.c.objc; path = CustomCell.m; sourceTree = "<group>"; };
		BDDE1D2A1D14E49E00523F0D /* ServiceManager.h */ = {isa = PBXFileReference; fileEncoding = 4; lastKnownFileType = sourcecode.c.h; path = ServiceManager.h; sourceTree = "<group>"; };
		BDDE1D2B1D14E49E00523F0D /* ServiceManager.m */ = {isa = PBXFileReference; fileEncoding = 4; lastKnownFileType = sourcecode.c.objc; path = ServiceManager.m; sourceTree = "<group>"; };
		D4EACA60C7803ADD462AFAA7 /* Pods-Prolific.debug.xcconfig */ = {isa = PBXFileReference; includeInIndex = 1; lastKnownFileType = text.xcconfig; name = "Pods-Prolific.debug.xcconfig"; path = "Pods/Target Support Files/Pods-Prolific/Pods-Prolific.debug.xcconfig"; sourceTree = "<group>"; };
/* End PBXFileReference section */

/* Begin PBXFrameworksBuildPhase section */
		BD5494561D14BC8A00F45D60 /* Frameworks */ = {
			isa = PBXFrameworksBuildPhase;
			buildActionMask = 2147483647;
			files = (
				A183F9C2319C4215922C062F /* libPods-Prolific.a in Frameworks */,
			);
			runOnlyForDeploymentPostprocessing = 0;
		};
/* End PBXFrameworksBuildPhase section */

/* Begin PBXGroup section */
		344EE71384973E10F64F5543 /* Pods */ = {
			isa = PBXGroup;
			children = (
				D4EACA60C7803ADD462AFAA7 /* Pods-Prolific.debug.xcconfig */,
				15630A68C9D21C045B97B0E4 /* Pods-Prolific.release.xcconfig */,
			);
			name = Pods;
			sourceTree = "<group>";
		};
		54B0B0FBA028F0CC529C3FB9 /* Frameworks */ = {
			isa = PBXGroup;
			children = (
				30867937A76D9546321131DD /* libPods-Prolific.a */,
			);
			name = Frameworks;
			sourceTree = "<group>";
		};
		BD5494501D14BC8A00F45D60 = {
			isa = PBXGroup;
			children = (
				BD54945B1D14BC8A00F45D60 /* Prolific */,
				BD54945A1D14BC8A00F45D60 /* Products */,
				344EE71384973E10F64F5543 /* Pods */,
				54B0B0FBA028F0CC529C3FB9 /* Frameworks */,
			);
			sourceTree = "<group>";
		};
		BD54945A1D14BC8A00F45D60 /* Products */ = {
			isa = PBXGroup;
			children = (
				BD5494591D14BC8A00F45D60 /* Prolific.app */,
			);
			name = Products;
			sourceTree = "<group>";
		};
		BD54945B1D14BC8A00F45D60 /* Prolific */ = {
			isa = PBXGroup;
			children = (
				BD54945F1D14BC8A00F45D60 /* AppDelegate.h */,
				BD5494601D14BC8A00F45D60 /* AppDelegate.m */,
				BD7C00BA1D153D11006201B7 /* NetworkHandle */,
				BD5494621D14BC8A00F45D60 /* ViewController.h */,
				BD5494631D14BC8A00F45D60 /* ViewController.m */,
				BD7C00BB1D153D39006201B7 /* CustomView */,
				BD7C00BC1D153D56006201B7 /* Model */,
				BD5494651D14BC8A00F45D60 /* Main.storyboard */,
				BD7C00BD1D153D79006201B7 /* Resources */,
				BD54945C1D14BC8A00F45D60 /* Supporting Files */,
			);
			path = Prolific;
			sourceTree = "<group>";
		};
		BD54945C1D14BC8A00F45D60 /* Supporting Files */ = {
			isa = PBXGroup;
			children = (
				BD54945D1D14BC8A00F45D60 /* main.m */,
			);
			name = "Supporting Files";
			sourceTree = "<group>";
		};
		BD7C00BA1D153D11006201B7 /* NetworkHandle */ = {
			isa = PBXGroup;
			children = (
				BDDE1D2A1D14E49E00523F0D /* ServiceManager.h */,
				BDDE1D2B1D14E49E00523F0D /* ServiceManager.m */,
			);
			name = NetworkHandle;
			sourceTree = "<group>";
		};
		BD7C00BB1D153D39006201B7 /* CustomView */ = {
			isa = PBXGroup;
			children = (
				BD7C00B71D153B56006201B7 /* CustomCell.h */,
				BD7C00B81D153B56006201B7 /* CustomCell.m */,
			);
			name = CustomView;
			sourceTree = "<group>";
		};
		BD7C00BC1D153D56006201B7 /* Model */ = {
			isa = PBXGroup;
			children = (
				BD3871A21D14E9C700A7DCD6 /* Book.h */,
				BD3871A31D14E9C700A7DCD6 /* Book.m */,
			);
			name = Model;
			sourceTree = "<group>";
		};
		BD7C00BD1D153D79006201B7 /* Resources */ = {
			isa = PBXGroup;
			children = (
				BD54946D1D14BC8A00F45D60 /* Info.plist */,
				BD5494681D14BC8A00F45D60 /* Assets.xcassets */,
				BD54946A1D14BC8A00F45D60 /* LaunchScreen.storyboard */,
			);
			name = Resources;
			sourceTree = "<group>";
		};
/* End PBXGroup section */

/* Begin PBXNativeTarget section */
		BD5494581D14BC8A00F45D60 /* Prolific */ = {
			isa = PBXNativeTarget;
			buildConfigurationList = BD5494701D14BC8A00F45D60 /* Build configuration list for PBXNativeTarget "Prolific" */;
			buildPhases = (
				F6AC114CACD7FBBAA88E76DC /* Check Pods Manifest.lock */,
				BD5494551D14BC8A00F45D60 /* Sources */,
				BD5494561D14BC8A00F45D60 /* Frameworks */,
				BD5494571D14BC8A00F45D60 /* Resources */,
				7E3C73ACFCB017B5D2EB6FA4 /* Embed Pods Frameworks */,
				CD94833371269CF2A1FD8E30 /* Copy Pods Resources */,
			);
			buildRules = (
			);
			dependencies = (
			);
			name = Prolific;
			productName = Prolific;
			productReference = BD5494591D14BC8A00F45D60 /* Prolific.app */;
			productType = "com.apple.product-type.application";
		};
/* End PBXNativeTarget section */

/* Begin PBXProject section */
		BD5494511D14BC8A00F45D60 /* Project object */ = {
			isa = PBXProject;
			attributes = {
				LastUpgradeCheck = 0730;
				ORGANIZATIONNAME = "Bharath G M";
				TargetAttributes = {
					BD5494581D14BC8A00F45D60 = {
						CreatedOnToolsVersion = 7.3;
					};
				};
			};
			buildConfigurationList = BD5494541D14BC8A00F45D60 /* Build configuration list for PBXProject "Prolific" */;
			compatibilityVersion = "Xcode 3.2";
			developmentRegion = English;
			hasScannedForEncodings = 0;
			knownRegions = (
				en,
				Base,
			);
			mainGroup = BD5494501D14BC8A00F45D60;
			productRefGroup = BD54945A1D14BC8A00F45D60 /* Products */;
			projectDirPath = "";
			projectRoot = "";
			targets = (
				BD5494581D14BC8A00F45D60 /* Prolific */,
			);
		};
/* End PBXProject section */

/* Begin PBXResourcesBuildPhase section */
		BD5494571D14BC8A00F45D60 /* Resources */ = {
			isa = PBXResourcesBuildPhase;
			buildActionMask = 2147483647;
			files = (
				BD54946C1D14BC8A00F45D60 /* LaunchScreen.storyboard in Resources */,
				BD5494691D14BC8A00F45D60 /* Assets.xcassets in Resources */,
				BD5494671D14BC8A00F45D60 /* Main.storyboard in Resources */,
			);
			runOnlyForDeploymentPostprocessing = 0;
		};
/* End PBXResourcesBuildPhase section */

/* Begin PBXShellScriptBuildPhase section */
		7E3C73ACFCB017B5D2EB6FA4 /* Embed Pods Frameworks */ = {
			isa = PBXShellScriptBuildPhase;
			buildActionMask = 2147483647;
			files = (
			);
			inputPaths = (
			);
			name = "Embed Pods Frameworks";
			outputPaths = (
			);
			runOnlyForDeploymentPostprocessing = 0;
			shellPath = /bin/sh;
			shellScript = "\"${SRCROOT}/Pods/Target Support Files/Pods-Prolific/Pods-Prolific-frameworks.sh\"\n";
			showEnvVarsInLog = 0;
		};
		CD94833371269CF2A1FD8E30 /* Copy Pods Resources */ = {
			isa = PBXShellScriptBuildPhase;
			buildActionMask = 2147483647;
			files = (
			);
			inputPaths = (
			);
			name = "Copy Pods Resources";
			outputPaths = (
			);
			runOnlyForDeploymentPostprocessing = 0;
			shellPath = /bin/sh;
			shellScript = "\"${SRCROOT}/Pods/Target Support Files/Pods-Prolific/Pods-Prolific-resources.sh\"\n";
			showEnvVarsInLog = 0;
		};
		F6AC114CACD7FBBAA88E76DC /* Check Pods Manifest.lock */ = {
			isa = PBXShellScriptBuildPhase;
			buildActionMask = 2147483647;
			files = (
			);
			inputPaths = (
			);
			name = "Check Pods Manifest.lock";
			outputPaths = (
			);
			runOnlyForDeploymentPostprocessing = 0;
			shellPath = /bin/sh;
			shellScript = "diff \"${PODS_ROOT}/../Podfile.lock\" \"${PODS_ROOT}/Manifest.lock\" > /dev/null\nif [[ $? != 0 ]] ; then\n    cat << EOM\nerror: The sandbox is not in sync with the Podfile.lock. Run 'pod install' or update your CocoaPods installation.\nEOM\n    exit 1\nfi\n";
			showEnvVarsInLog = 0;
		};
/* End PBXShellScriptBuildPhase section */

/* Begin PBXSourcesBuildPhase section */
		BD5494551D14BC8A00F45D60 /* Sources */ = {
			isa = PBXSourcesBuildPhase;
			buildActionMask = 2147483647;
			files = (
				BD3871A41D14E9C700A7DCD6 /* Book.m in Sources */,
				BD5494641D14BC8A00F45D60 /* ViewController.m in Sources */,
				BD7C00B91D153B56006201B7 /* CustomCell.m in Sources */,
				BD5494611D14BC8A00F45D60 /* AppDelegate.m in Sources */,
				BD54945E1D14BC8A00F45D60 /* main.m in Sources */,
				BDDE1D2C1D14E49E00523F0D /* ServiceManager.m in Sources */,
			);
			runOnlyForDeploymentPostprocessing = 0;
		};
/* End PBXSourcesBuildPhase section */

/* Begin PBXVariantGroup section */
		BD5494651D14BC8A00F45D60 /* Main.storyboard */ = {
			isa = PBXVariantGroup;
			children = (
				BD5494661D14BC8A00F45D60 /* Base */,
			);
			name = Main.storyboard;
			sourceTree = "<group>";
		};
		BD54946A1D14BC8A00F45D60 /* LaunchScreen.storyboard */ = {
			isa = PBXVariantGroup;
			children = (
				BD54946B1D14BC8A00F45D60 /* Base */,
			);
			name = LaunchScreen.storyboard;
			sourceTree = "<group>";
		};
/* End PBXVariantGroup section */

/* Begin XCBuildConfiguration section */
		BD54946E1D14BC8A00F45D60 /* Debug */ = {
			isa = XCBuildConfiguration;
			buildSettings = {
				ALWAYS_SEARCH_USER_PATHS = NO;
				CLANG_ANALYZER_NONNULL = YES;
				CLANG_CXX_LANGUAGE_STANDARD = "gnu++0x";
				CLANG_CXX_LIBRARY = "libc++";
				CLANG_ENABLE_MODULES = YES;
				CLANG_ENABLE_OBJC_ARC = YES;
				CLANG_WARN_BOOL_CONVERSION = YES;
				CLANG_WARN_CONSTANT_CONVERSION = YES;
				CLANG_WARN_DIRECT_OBJC_ISA_USAGE = YES_ERROR;
				CLANG_WARN_EMPTY_BODY = YES;
				CLANG_WARN_ENUM_CONVERSION = YES;
				CLANG_WARN_INT_CONVERSION = YES;
				CLANG_WARN_OBJC_ROOT_CLASS = YES_ERROR;
				CLANG_WARN_UNREACHABLE_CODE = YES;
				CLANG_WARN__DUPLICATE_METHOD_MATCH = YES;
				"CODE_SIGN_IDENTITY[sdk=iphoneos*]" = "iPhone Developer";
				COPY_PHASE_STRIP = NO;
				DEBUG_INFORMATION_FORMAT = dwarf;
				ENABLE_STRICT_OBJC_MSGSEND = YES;
				ENABLE_TESTABILITY = YES;
				GCC_C_LANGUAGE_STANDARD = gnu99;
				GCC_DYNAMIC_NO_PIC = NO;
				GCC_NO_COMMON_BLOCKS = YES;
				GCC_OPTIMIZATION_LEVEL = 0;
				GCC_PREPROCESSOR_DEFINITIONS = (
					"DEBUG=1",
					"$(inherited)",
				);
				GCC_WARN_64_TO_32_BIT_CONVERSION = YES;
				GCC_WARN_ABOUT_RETURN_TYPE = YES_ERROR;
				GCC_WARN_UNDECLARED_SELECTOR = YES;
				GCC_WARN_UNINITIALIZED_AUTOS = YES_AGGRESSIVE;
				GCC_WARN_UNUSED_FUNCTION = YES;
				GCC_WARN_UNUSED_VARIABLE = YES;
				IPHONEOS_DEPLOYMENT_TARGET = 9.3;
				MTL_ENABLE_DEBUG_INFO = YES;
				ONLY_ACTIVE_ARCH = YES;
				SDKROOT = iphoneos;
			};
			name = Debug;
		};
		BD54946F1D14BC8A00F45D60 /* Release */ = {
			isa = XCBuildConfiguration;
			buildSettings = {
				ALWAYS_SEARCH_USER_PATHS = NO;
				CLANG_ANALYZER_NONNULL = YES;
				CLANG_CXX_LANGUAGE_STANDARD = "gnu++0x";
				CLANG_CXX_LIBRARY = "libc++";
				CLANG_ENABLE_MODULES = YES;
				CLANG_ENABLE_OBJC_ARC = YES;
				CLANG_WARN_BOOL_CONVERSION = YES;
				CLANG_WARN_CONSTANT_CONVERSION = YES;
				CLANG_WARN_DIRECT_OBJC_ISA_USAGE = YES_ERROR;
				CLANG_WARN_EMPTY_BODY = YES;
				CLANG_WARN_ENUM_CONVERSION = YES;
				CLANG_WARN_INT_CONVERSION = YES;
				CLANG_WARN_OBJC_ROOT_CLASS = YES_ERROR;
				CLANG_WARN_UNREACHABLE_CODE = YES;
				CLANG_WARN__DUPLICATE_METHOD_MATCH = YES;
				"CODE_SIGN_IDENTITY[sdk=iphoneos*]" = "iPhone Developer";
				COPY_PHASE_STRIP = NO;
				DEBUG_INFORMATION_FORMAT = "dwarf-with-dsym";
				ENABLE_NS_ASSERTIONS = NO;
				ENABLE_STRICT_OBJC_MSGSEND = YES;
				GCC_C_LANGUAGE_STANDARD = gnu99;
				GCC_NO_COMMON_BLOCKS = YES;
				GCC_WARN_64_TO_32_BIT_CONVERSION = YES;
				GCC_WARN_ABOUT_RETURN_TYPE = YES_ERROR;
				GCC_WARN_UNDECLARED_SELECTOR = YES;
				GCC_WARN_UNINITIALIZED_AUTOS = YES_AGGRESSIVE;
				GCC_WARN_UNUSED_FUNCTION = YES;
				GCC_WARN_UNUSED_VARIABLE = YES;
				IPHONEOS_DEPLOYMENT_TARGET = 9.3;
				MTL_ENABLE_DEBUG_INFO = NO;
				SDKROOT = iphoneos;
				VALIDATE_PRODUCT = YES;
			};
			name = Release;
		};
		BD5494711D14BC8A00F45D60 /* Debug */ = {
			isa = XCBuildConfiguration;
			baseConfigurationReference = D4EACA60C7803ADD462AFAA7 /* Pods-Prolific.debug.xcconfig */;
			buildSettings = {
				ASSETCATALOG_COMPILER_APPICON_NAME = AppIcon;
				INFOPLIST_FILE = Prolific/Info.plist;
				LD_RUNPATH_SEARCH_PATHS = "$(inherited) @executable_path/Frameworks";
				PRODUCT_BUNDLE_IDENTIFIER = com.sstsoftware.com.Prolific;
				PRODUCT_NAME = "$(TARGET_NAME)";
			};
			name = Debug;
		};
		BD5494721D14BC8A00F45D60 /* Release */ = {
			isa = XCBuildConfiguration;
			baseConfigurationReference = 15630A68C9D21C045B97B0E4 /* Pods-Prolific.release.xcconfig */;
			buildSettings = {
				ASSETCATALOG_COMPILER_APPICON_NAME = AppIcon;
				INFOPLIST_FILE = Prolific/Info.plist;
				LD_RUNPATH_SEARCH_PATHS = "$(inherited) @executable_path/Frameworks";
				PRODUCT_BUNDLE_IDENTIFIER = com.sstsoftware.com.Prolific;
				PRODUCT_NAME = "$(TARGET_NAME)";
			};
			name = Release;
		};
/* End XCBuildConfiguration section */

/* Begin XCConfigurationList section */
		BD5494541D14BC8A00F45D60 /* Build configuration list for PBXProject "Prolific" */ = {
			isa = XCConfigurationList;
			buildConfigurations = (
				BD54946E1D14BC8A00F45D60 /* Debug */,
				BD54946F1D14BC8A00F45D60 /* Release */,
			);
			defaultConfigurationIsVisible = 0;
			defaultConfigurationName = Release;
		};
		BD5494701D14BC8A00F45D60 /* Build configuration list for PBXNativeTarget "Prolific" */ = {
			isa = XCConfigurationList;
			buildConfigurations = (
				BD5494711D14BC8A00F45D60 /* Debug */,
				BD5494721D14BC8A00F45D60 /* Release */,
			);
			defaultConfigurationIsVisible = 0;
			defaultConfigurationName = Release;
		};
/* End XCConfigurationList section */
	};
	rootObject = BD5494511D14BC8A00F45D60 /* Project object */;
}
